
Microsoft Visual Studio Solution File, Format Version 12.00
# Visual Studio Version 17
VisualStudioVersion = 17.1.32228.430
MinimumVisualStudioVersion = 10.0.40219.1
Project("{FAE04EC0-301F-11D3-BF4B-00C04F79EFBC}") = "ARMSanitizerTool", "ARMSanitizerTool\ARMSanitizerTool.csproj", "{2E4AC54C-2714-4EAC-B70C-B978A6DADF81}"
EndProject
Global
	GlobalSection(SolutionConfigurationPlatforms) = preSolution
		Debug|Any CPU = Debug|Any CPU
		Release|Any CPU = Release|Any CPU
	EndGlobalSection
	GlobalSection(ProjectConfigurationPlatforms) = postSolution
		{2E4AC54C-2714-4EAC-B70C-B978A6DADF81}.Debug|Any CPU.ActiveCfg = Debug|Any CPU
		{2E4AC54C-2714-4EAC-B70C-B978A6DADF81}.Debug|Any CPU.Build.0 = Debug|Any CPU
		{2E4AC54C-2714-4EAC-B70C-B978A6DADF81}.Release|Any CPU.ActiveCfg = Release|Any CPU
		{2E4AC54C-2714-4EAC-B70C-B978A6DADF81}.Release|Any CPU.Build.0 = Release|Any CPU
	EndGlobalSection
	GlobalSection(SolutionProperties) = preSolution
		HideSolutionNode = FALSE
	EndGlobalSection
	GlobalSection(ExtensibilityGlobals) = postSolution
		SolutionGuid = {317ECB88-C75A-4679-A8C4-35DB88849DFC}
	EndGlobalSection
EndGlobal
